
Microsoft Visual Studio Solution File, Format Version 12.00
# Visual Studio Version 16
VisualStudioVersion = 16.0.30907.101
MinimumVisualStudioVersion = 10.0.40219.1
Project("{FAE04EC0-301F-11D3-BF4B-00C04F79EFBC}") = "Client", "BotNet\Client.csproj", "{AA11A190-29ED-4B1E-8E47-60A4A5988168}"
EndProject
Project("{FAE04EC0-301F-11D3-BF4B-00C04F79EFBC}") = "Godfather", "Godfather\Godfather.csproj", "{F1E1BAAA-24B5-4D2A-9AF4-E786C611BE5B}"
EndProject
Global
	GlobalSection(SolutionConfigurationPlatforms) = preSolution
		Debug|Any CPU = Debug|Any CPU
		Release|Any CPU = Release|Any CPU
	EndGlobalSection
	GlobalSection(ProjectConfigurationPlatforms) = postSolution
		{AA11A190-29ED-4B1E-8E47-60A4A5988168}.Debug|Any CPU.ActiveCfg = Debug|Any CPU
		{AA11A190-29ED-4B1E-8E47-60A4A5988168}.Debug|Any CPU.Build.0 = Debug|Any CPU
		{AA11A190-29ED-4B1E-8E47-60A4A5988168}.Release|Any CPU.ActiveCfg = Release|Any CPU
		{AA11A190-29ED-4B1E-8E47-60A4A5988168}.Release|Any CPU.Build.0 = Release|Any CPU
		{F1E1BAAA-24B5-4D2A-9AF4-E786C611BE5B}.Debug|Any CPU.ActiveCfg = Debug|Any CPU
		{F1E1BAAA-24B5-4D2A-9AF4-E786C611BE5B}.Debug|Any CPU.Build.0 = Debug|Any CPU
		{F1E1BAAA-24B5-4D2A-9AF4-E786C611BE5B}.Release|Any CPU.ActiveCfg = Release|Any CPU
		{F1E1BAAA-24B5-4D2A-9AF4-E786C611BE5B}.Release|Any CPU.Build.0 = Release|Any CPU
	EndGlobalSection
	GlobalSection(SolutionProperties) = preSolution
		HideSolutionNode = FALSE
	EndGlobalSection
	GlobalSection(ExtensibilityGlobals) = postSolution
		SolutionGuid = {84A2D6A6-C143-4A99-8359-02E5C58334A6}
	EndGlobalSection
EndGlobal
